
Microsoft Visual Studio Solution File, Format Version 12.00
# Visual Studio 15
VisualStudioVersion = 15.0.28307.168
MinimumVisualStudioVersion = 10.0.40219.1
Project("{FAE04EC0-301F-11D3-BF4B-00C04F79EFBC}") = "Rainbow.Xamarin.BaiduSpeech.Sdk.Droid", "Rainbow.Xamarin.BaiduSpeech.Sdk.Droid\Rainbow.Xamarin.BaiduSpeech.Sdk.Droid.csproj", "{85FFC010-2422-43E4-B23D-11227DB3DA65}"
EndProject
Global
	GlobalSection(SolutionConfigurationPlatforms) = preSolution
		Debug|Any CPU = Debug|Any CPU
		Release|Any CPU = Release|Any CPU
	EndGlobalSection
	GlobalSection(ProjectConfigurationPlatforms) = postSolution
		{85FFC010-2422-43E4-B23D-11227DB3DA65}.Debug|Any CPU.ActiveCfg = Debug|Any CPU
		{85FFC010-2422-43E4-B23D-11227DB3DA65}.Debug|Any CPU.Build.0 = Debug|Any CPU
		{85FFC010-2422-43E4-B23D-11227DB3DA65}.Release|Any CPU.ActiveCfg = Release|Any CPU
		{85FFC010-2422-43E4-B23D-11227DB3DA65}.Release|Any CPU.Build.0 = Release|Any CPU
	EndGlobalSection
	GlobalSection(SolutionProperties) = preSolution
		HideSolutionNode = FALSE
	EndGlobalSection
	GlobalSection(ExtensibilityGlobals) = postSolution
		SolutionGuid = {165B9AA0-719B-4526-A520-F55E95B07D7D}
	EndGlobalSection
EndGlobal
